
Microsoft Visual Studio Solution File, Format Version 12.00
# Visual Studio Version 17
VisualStudioVersion = 17.9.34616.47
MinimumVisualStudioVersion = 10.0.40219.1
Project("{FAE04EC0-301F-11D3-BF4B-00C04F79EFBC}") = "Laboratory_6.1", "Laboratory_6.1\Laboratory_6.1.csproj", "{DD701671-27ED-417C-8689-402C15F3295A}"
EndProject
Global
	GlobalSection(SolutionConfigurationPlatforms) = preSolution
		Debug|Any CPU = Debug|Any CPU
		Release|Any CPU = Release|Any CPU
	EndGlobalSection
	GlobalSection(ProjectConfigurationPlatforms) = postSolution
		{DD701671-27ED-417C-8689-402C15F3295A}.Debug|Any CPU.ActiveCfg = Debug|Any CPU
		{DD701671-27ED-417C-8689-402C15F3295A}.Debug|Any CPU.Build.0 = Debug|Any CPU
		{DD701671-27ED-417C-8689-402C15F3295A}.Release|Any CPU.ActiveCfg = Release|Any CPU
		{DD701671-27ED-417C-8689-402C15F3295A}.Release|Any CPU.Build.0 = Release|Any CPU
	EndGlobalSection
	GlobalSection(SolutionProperties) = preSolution
		HideSolutionNode = FALSE
	EndGlobalSection
	GlobalSection(ExtensibilityGlobals) = postSolution
		SolutionGuid = {05BAEC62-7973-4B46-952B-E6B8719EC756}
	EndGlobalSection
EndGlobal
